// !$*UTF8*$!
{
	archiveVersion = 1;
	classes = {
	};
	objectVersion = 48;
	objects = {

/* Begin PBXBuildFile section */
		D0EEAE3C1FFA9F2300F8F387 /* AppDelegate.swift in Sources */ = {isa = PBXBuildFile; fileRef = D0EEAE3B1FFA9F2300F8F387 /* AppDelegate.swift */; };
		D0EEAE3E1FFA9F2300F8F387 /* ViewController.swift in Sources */ = {isa = PBXBuildFile; fileRef = D0EEAE3D1FFA9F2300F8F387 /* ViewController.swift */; };
		D0EEAE411FFA9F2300F8F387 /* Main.storyboard in Resources */ = {isa = PBXBuildFile; fileRef = D0EEAE3F1FFA9F2300F8F387 /* Main.storyboard */; };
		D0EEAE431FFA9F2300F8F387 /* Assets.xcassets in Resources */ = {isa = PBXBuildFile; fileRef = D0EEAE421FFA9F2300F8F387 /* Assets.xcassets */; };
		D0EEAE461FFA9F2300F8F387 /* LaunchScreen.storyboard in Resources */ = {isa = PBXBuildFile; fileRef = D0EEAE441FFA9F2300F8F387 /* LaunchScreen.storyboard */; };
		D0EEAE4E1FFA9F8800F8F387 /* SecondViewController.swift in Sources */ = {isa = PBXBuildFile; fileRef = D0EEAE4D1FFA9F8800F8F387 /* SecondViewController.swift */; };
/* End PBXBuildFile section */

/* Begin PBXFileReference section */
		D0EEAE381FFA9F2300F8F387 /* DelegationApp.app */ = {isa = PBXFileReference; explicitFileType = wrapper.application; includeInIndex = 0; path = DelegationApp.app; sourceTree = BUILT_PRODUCTS_DIR; };
		D0EEAE3B1FFA9F2300F8F387 /* AppDelegate.swift */ = {isa = PBXFileReference; lastKnownFileType = sourcecode.swift; path = AppDelegate.swift; sourceTree = "<group>"; };
		D0EEAE3D1FFA9F2300F8F387 /* ViewController.swift */ = {isa = PBXFileReference; lastKnownFileType = sourcecode.swift; path = ViewController.swift; sourceTree = "<group>"; };
		D0EEAE401FFA9F2300F8F387 /* Base */ = {isa = PBXFileReference; lastKnownFileType = file.storyboard; name = Base; path = Base.lproj/Main.storyboard; sourceTree = "<group>"; };
		D0EEAE421FFA9F2300F8F387 /* Assets.xcassets */ = {isa = PBXFileReference; lastKnownFileType = folder.assetcatalog; path = Assets.xcassets; sourceTree = "<group>"; };
		D0EEAE451FFA9F2300F8F387 /* Base */ = {isa = PBXFileReference; lastKnownFileType = file.storyboard; name = Base; path = Base.lproj/LaunchScreen.storyboard; sourceTree = "<group>"; };
		D0EEAE471FFA9F2300F8F387 /* Info.plist */ = {isa = PBXFileReference; lastKnownFileType = text.plist.xml; path = Info.plist; sourceTree = "<group>"; };
		D0EEAE4D1FFA9F8800F8F387 /* SecondViewController.swift */ = {isa = PBXFileReference; lastKnownFileType = sourcecode.swift; name = SecondViewController.swift; path = DelegationApp/SecondViewController.swift; sourceTree = SOURCE_ROOT; };
/* End PBXFileReference section */

/* Begin PBXFrameworksBuildPhase section */
		D0EEAE351FFA9F2300F8F387 /* Frameworks */ = {
			isa = PBXFrameworksBuildPhase;
			buildActionMask = 2147483647;
			files = (
			);
			runOnlyForDeploymentPostprocessing = 0;
		};
/* End PBXFrameworksBuildPhase section */

/* Begin PBXGroup section */
		D0EEAE2F1FFA9F2300F8F387 = {
			isa = PBXGroup;
			children = (
				D0EEAE3A1FFA9F2300F8F387 /* DelegationApp */,
				D0EEAE391FFA9F2300F8F387 /* Products */,
			);
			sourceTree = "<group>";
		};
		D0EEAE391FFA9F2300F8F387 /* Products */ = {
			isa = PBXGroup;
			children = (
				D0EEAE381FFA9F2300F8F387 /* DelegationApp.app */,
			);
			name = Products;
			sourceTree = "<group>";
		};
		D0EEAE3A1FFA9F2300F8F387 /* DelegationApp */ = {
			isa = PBXGroup;
			children = (
				D0EEAE3B1FFA9F2300F8F387 /* AppDelegate.swift */,
				D0EEAE3D1FFA9F2300F8F387 /* ViewController.swift */,
				D0EEAE3F1FFA9F2300F8F387 /* Main.storyboard */,
				D0EEAE4D1FFA9F8800F8F387 /* SecondViewController.swift */,
				D0EEAE421FFA9F2300F8F387 /* Assets.xcassets */,
				D0EEAE441FFA9F2300F8F387 /* LaunchScreen.storyboard */,
				D0EEAE471FFA9F2300F8F387 /* Info.plist */,
			);
			path = DelegationApp;
			sourceTree = "<group>";
		};
/* End PBXGroup section */

/* Begin PBXNativeTarget section */
		D0EEAE371FFA9F2300F8F387 /* DelegationApp */ = {
			isa = PBXNativeTarget;
			buildConfigurationList = D0EEAE4A1FFA9F2300F8F387 /* Build configuration list for PBXNativeTarget "DelegationApp" */;
			buildPhases = (
				D0EEAE341FFA9F2300F8F387 /* Sources */,
				D0EEAE351FFA9F2300F8F387 /* Frameworks */,
				D0EEAE361FFA9F2300F8F387 /* Resources */,
			);
			buildRules = (
			);
			dependencies = (
			);
			name = DelegationApp;
			productName = DelegationApp;
			productReference = D0EEAE381FFA9F2300F8F387 /* DelegationApp.app */;
			productType = "com.apple.product-type.application";
		};
/* End PBXNativeTarget section */

/* Begin PBXProject section */
		D0EEAE301FFA9F2300F8F387 /* Project object */ = {
			isa = PBXProject;
			attributes = {
				LastSwiftUpdateCheck = 0900;
				LastUpgradeCheck = 0900;
				ORGANIZATIONNAME = Nick;
				TargetAttributes = {
					D0EEAE371FFA9F2300F8F387 = {
						CreatedOnToolsVersion = 9.0.1;
						ProvisioningStyle = Automatic;
					};
				};
			};
			buildConfigurationList = D0EEAE331FFA9F2300F8F387 /* Build configuration list for PBXProject "DelegationApp" */;
			compatibilityVersion = "Xcode 8.0";
			developmentRegion = en;
			hasScannedForEncodings = 0;
			knownRegions = (
				en,
				Base,
			);
			mainGroup = D0EEAE2F1FFA9F2300F8F387;
			productRefGroup = D0EEAE391FFA9F2300F8F387 /* Products */;
			projectDirPath = "";
			projectRoot = "";
			targets = (
				D0EEAE371FFA9F2300F8F387 /* DelegationApp */,
			);
		};
/* End PBXProject section */

/* Begin PBXResourcesBuildPhase section */
		D0EEAE361FFA9F2300F8F387 /* Resources */ = {
			isa = PBXResourcesBuildPhase;
			buildActionMask = 2147483647;
			files = (
				D0EEAE461FFA9F2300F8F387 /* LaunchScreen.storyboard in Resources */,
				D0EEAE431FFA9F2300F8F387 /* Assets.xcassets in Resources */,
				D0EEAE411FFA9F2300F8F387 /* Main.storyboard in Resources */,
			);
			runOnlyForDeploymentPostprocessing = 0;
		};
/* End PBXResourcesBuildPhase section */

/* Begin PBXSourcesBuildPhase section */
		D0EEAE341FFA9F2300F8F387 /* Sources */ = {
			isa = PBXSourcesBuildPhase;
			buildActionMask = 2147483647;
			files = (
				D0EEAE4E1FFA9F8800F8F387 /* SecondViewController.swift in Sources */,
				D0EEAE3E1FFA9F2300F8F387 /* ViewController.swift in Sources */,
				D0EEAE3C1FFA9F2300F8F387 /* AppDelegate.swift in Sources */,
			);
			runOnlyForDeploymentPostprocessing = 0;
		};
/* End PBXSourcesBuildPhase section */

/* Begin PBXVariantGroup section */
		D0EEAE3F1FFA9F2300F8F387 /* Main.storyboard */ = {
			isa = PBXVariantGroup;
			children = (
				D0EEAE401FFA9F2300F8F387 /* Base */,
			);
			name = Main.storyboard;
			sourceTree = "<group>";
		};
		D0EEAE441FFA9F2300F8F387 /* LaunchScreen.storyboard */ = {
			isa = PBXVariantGroup;
			children = (
				D0EEAE451FFA9F2300F8F387 /* Base */,
			);
			name = LaunchScreen.storyboard;
			sourceTree = "<group>";
		};
/* End PBXVariantGroup section */

/* Begin XCBuildConfiguration section */
		D0EEAE481FFA9F2300F8F387 /* Debug */ = {
			isa = XCBuildConfiguration;
			buildSettings = {
				ALWAYS_SEARCH_USER_PATHS = NO;
				CLANG_ANALYZER_NONNULL = YES;
				CLANG_ANALYZER_NUMBER_OBJECT_CONVERSION = YES_AGGRESSIVE;
				CLANG_CXX_LANGUAGE_STANDARD = "gnu++14";
				CLANG_CXX_LIBRARY = "libc++";
				CLANG_ENABLE_MODULES = YES;
				CLANG_ENABLE_OBJC_ARC = YES;
				CLANG_WARN_BLOCK_CAPTURE_AUTORELEASING = YES;
				CLANG_WARN_BOOL_CONVERSION = YES;
				CLANG_WARN_COMMA = YES;
				CLANG_WARN_CONSTANT_CONVERSION = YES;
				CLANG_WARN_DIRECT_OBJC_ISA_USAGE = YES_ERROR;
				CLANG_WARN_DOCUMENTATION_COMMENTS = YES;
				CLANG_WARN_EMPTY_BODY = YES;
				CLANG_WARN_ENUM_CONVERSION = YES;
				CLANG_WARN_INFINITE_RECURSION = YES;
				CLANG_WARN_INT_CONVERSION = YES;
				CLANG_WARN_NON_LITERAL_NULL_CONVERSION = YES;
				CLANG_WARN_OBJC_LITERAL_CONVERSION = YES;
				CLANG_WARN_OBJC_ROOT_CLASS = YES_ERROR;
				CLANG_WARN_RANGE_LOOP_ANALYSIS = YES;
				CLANG_WARN_STRICT_PROTOTYPES = YES;
				CLANG_WARN_SUSPICIOUS_MOVE = YES;
				CLANG_WARN_UNGUARDED_AVAILABILITY = YES_AGGRESSIVE;
				CLANG_WARN_UNREACHABLE_CODE = YES;
				CLANG_WARN__DUPLICATE_METHOD_MATCH = YES;
				CODE_SIGN_IDENTITY = "iPhone Developer";
				COPY_PHASE_STRIP = NO;
				DEBUG_INFORMATION_FORMAT = dwarf;
				ENABLE_STRICT_OBJC_MSGSEND = YES;
				ENABLE_TESTABILITY = YES;
				GCC_C_LANGUAGE_STANDARD = gnu11;
				GCC_DYNAMIC_NO_PIC = NO;
				GCC_NO_COMMON_BLOCKS = YES;
				GCC_OPTIMIZATION_LEVEL = 0;
				GCC_PREPROCESSOR_DEFINITIONS = (
					"DEBUG=1",
					"$(inherited)",
				);
				GCC_WARN_64_TO_32_BIT_CONVERSION = YES;
				GCC_WARN_ABOUT_RETURN_TYPE = YES_ERROR;
				GCC_WARN_UNDECLARED_SELECTOR = YES;
				GCC_WARN_UNINITIALIZED_AUTOS = YES_AGGRESSIVE;
				GCC_WARN_UNUSED_FUNCTION = YES;
				GCC_WARN_UNUSED_VARIABLE = YES;
				IPHONEOS_DEPLOYMENT_TARGET = 11.0;
				MTL_ENABLE_DEBUG_INFO = YES;
				ONLY_ACTIVE_ARCH = YES;
				SDKROOT = iphoneos;
				SWIFT_ACTIVE_COMPILATION_CONDITIONS = DEBUG;
				SWIFT_OPTIMIZATION_LEVEL = "-Onone";
			};
			name = Debug;
		};
		D0EEAE491FFA9F2300F8F387 /* Release */ = {
			isa = XCBuildConfiguration;
			buildSettings = {
				ALWAYS_SEARCH_USER_PATHS = NO;
				CLANG_ANALYZER_NONNULL = YES;
				CLANG_ANALYZER_NUMBER_OBJECT_CONVERSION = YES_AGGRESSIVE;
				CLANG_CXX_LANGUAGE_STANDARD = "gnu++14";
				CLANG_CXX_LIBRARY = "libc++";
				CLANG_ENABLE_MODULES = YES;
				CLANG_ENABLE_OBJC_ARC = YES;
				CLANG_WARN_BLOCK_CAPTURE_AUTORELEASING = YES;
				CLANG_WARN_BOOL_CONVERSION = YES;
				CLANG_WARN_COMMA = YES;
				CLANG_WARN_CONSTANT_CONVERSION = YES;
				CLANG_WARN_DIRECT_OBJC_ISA_USAGE = YES_ERROR;
				CLANG_WARN_DOCUMENTATION_COMMENTS = YES;
				CLANG_WARN_EMPTY_BODY = YES;
				CLANG_WARN_ENUM_CONVERSION = YES;
				CLANG_WARN_INFINITE_RECURSION = YES;
				CLANG_WARN_INT_CONVERSION = YES;
				CLANG_WARN_NON_LITERAL_NULL_CONVERSION = YES;
				CLANG_WARN_OBJC_LITERAL_CONVERSION = YES;
				CLANG_WARN_OBJC_ROOT_CLASS = YES_ERROR;
				CLANG_WARN_RANGE_LOOP_ANALYSIS = YES;
				CLANG_WARN_STRICT_PROTOTYPES = YES;
				CLANG_WARN_SUSPICIOUS_MOVE = YES;
				CLANG_WARN_UNGUARDED_AVAILABILITY = YES_AGGRESSIVE;
				CLANG_WARN_UNREACHABLE_CODE = YES;
				CLANG_WARN__DUPLICATE_METHOD_MATCH = YES;
				CODE_SIGN_IDENTITY = "iPhone Developer";
				COPY_PHASE_STRIP = NO;
				DEBUG_INFORMATION_FORMAT = "dwarf-with-dsym";
				ENABLE_NS_ASSERTIONS = NO;
				ENABLE_STRICT_OBJC_MSGSEND = YES;
				GCC_C_LANGUAGE_STANDARD = gnu11;
				GCC_NO_COMMON_BLOCKS = YES;
				GCC_WARN_64_TO_32_BIT_CONVERSION = YES;
				GCC_WARN_ABOUT_RETURN_TYPE = YES_ERROR;
				GCC_WARN_UNDECLARED_SELECTOR = YES;
				GCC_WARN_UNINITIALIZED_AUTOS = YES_AGGRESSIVE;
				GCC_WARN_UNUSED_FUNCTION = YES;
				GCC_WARN_UNUSED_VARIABLE = YES;
				IPHONEOS_DEPLOYMENT_TARGET = 11.0;
				MTL_ENABLE_DEBUG_INFO = NO;
				SDKROOT = iphoneos;
				SWIFT_OPTIMIZATION_LEVEL = "-Owholemodule";
				VALIDATE_PRODUCT = YES;
			};
			name = Release;
		};
		D0EEAE4B1FFA9F2300F8F387 /* Debug */ = {
			isa = XCBuildConfiguration;
			buildSettings = {
				ASSETCATALOG_COMPILER_APPICON_NAME = AppIcon;
				CODE_SIGN_STYLE = Automatic;
				DEVELOPMENT_TEAM = 8TM4653D92;
				INFOPLIST_FILE = DelegationApp/Info.plist;
				LD_RUNPATH_SEARCH_PATHS = "$(inherited) @executable_path/Frameworks";
				PRODUCT_BUNDLE_IDENTIFIER = nick.company.DelegationApp;
				PRODUCT_NAME = "$(TARGET_NAME)";
				SWIFT_VERSION = 4.0;
				TARGETED_DEVICE_FAMILY = "1,2";
			};
			name = Debug;
		};
		D0EEAE4C1FFA9F2300F8F387 /* Release */ = {
			isa = XCBuildConfiguration;
			buildSettings = {
				ASSETCATALOG_COMPILER_APPICON_NAME = AppIcon;
				CODE_SIGN_STYLE = Automatic;
				DEVELOPMENT_TEAM = 8TM4653D92;
				INFOPLIST_FILE = DelegationApp/Info.plist;
				LD_RUNPATH_SEARCH_PATHS = "$(inherited) @executable_path/Frameworks";
				PRODUCT_BUNDLE_IDENTIFIER = nick.company.DelegationApp;
				PRODUCT_NAME = "$(TARGET_NAME)";
				SWIFT_VERSION = 4.0;
				TARGETED_DEVICE_FAMILY = "1,2";
			};
			name = Release;
		};
/* End XCBuildConfiguration section */

/* Begin XCConfigurationList section */
		D0EEAE331FFA9F2300F8F387 /* Build configuration list for PBXProject "DelegationApp" */ = {
			isa = XCConfigurationList;
			buildConfigurations = (
				D0EEAE481FFA9F2300F8F387 /* Debug */,
				D0EEAE491FFA9F2300F8F387 /* Release */,
			);
			defaultConfigurationIsVisible = 0;
			defaultConfigurationName = Release;
		};
		D0EEAE4A1FFA9F2300F8F387 /* Build configuration list for PBXNativeTarget "DelegationApp" */ = {
			isa = XCConfigurationList;
			buildConfigurations = (
				D0EEAE4B1FFA9F2300F8F387 /* Debug */,
				D0EEAE4C1FFA9F2300F8F387 /* Release */,
			);
			defaultConfigurationIsVisible = 0;
			defaultConfigurationName = Release;
		};
/* End XCConfigurationList section */
	};
	rootObject = D0EEAE301FFA9F2300F8F387 /* Project object */;
}
